
Microsoft Visual Studio Solution File, Format Version 12.00
# Visual Studio Version 17
VisualStudioVersion = 17.14.35821.62 d17.14
MinimumVisualStudioVersion = 10.0.40219.1
Project("{FAE04EC0-301F-11D3-BF4B-00C04F79EFBC}") = "UI", "UI\UI.csproj", "{13E99BE7-F3CF-4C14-8977-A9DF46AA5862}"
EndProject
Project("{FAE04EC0-301F-11D3-BF4B-00C04F79EFBC}") = "Domain", "Domain\Domain.csproj", "{6634E3F1-EB6D-4875-B964-C25C50E380DD}"
EndProject
Project("{FAE04EC0-301F-11D3-BF4B-00C04F79EFBC}") = "DataAccess", "DataAccess\DataAccess.csproj", "{D49DB55D-13B6-4664-91A7-F67E3FB56916}"
EndProject
Global
	GlobalSection(SolutionConfigurationPlatforms) = preSolution
		Debug|Any CPU = Debug|Any CPU
		Release|Any CPU = Release|Any CPU
	EndGlobalSection
	GlobalSection(ProjectConfigurationPlatforms) = postSolution
		{13E99BE7-F3CF-4C14-8977-A9DF46AA5862}.Debug|Any CPU.ActiveCfg = Debug|Any CPU
		{13E99BE7-F3CF-4C14-8977-A9DF46AA5862}.Debug|Any CPU.Build.0 = Debug|Any CPU
		{13E99BE7-F3CF-4C14-8977-A9DF46AA5862}.Release|Any CPU.ActiveCfg = Release|Any CPU
		{13E99BE7-F3CF-4C14-8977-A9DF46AA5862}.Release|Any CPU.Build.0 = Release|Any CPU
		{6634E3F1-EB6D-4875-B964-C25C50E380DD}.Debug|Any CPU.ActiveCfg = Debug|Any CPU
		{6634E3F1-EB6D-4875-B964-C25C50E380DD}.Debug|Any CPU.Build.0 = Debug|Any CPU
		{6634E3F1-EB6D-4875-B964-C25C50E380DD}.Release|Any CPU.ActiveCfg = Release|Any CPU
		{6634E3F1-EB6D-4875-B964-C25C50E380DD}.Release|Any CPU.Build.0 = Release|Any CPU
		{D49DB55D-13B6-4664-91A7-F67E3FB56916}.Debug|Any CPU.ActiveCfg = Debug|Any CPU
		{D49DB55D-13B6-4664-91A7-F67E3FB56916}.Debug|Any CPU.Build.0 = Debug|Any CPU
		{D49DB55D-13B6-4664-91A7-F67E3FB56916}.Release|Any CPU.ActiveCfg = Release|Any CPU
		{D49DB55D-13B6-4664-91A7-F67E3FB56916}.Release|Any CPU.Build.0 = Release|Any CPU
	EndGlobalSection
	GlobalSection(SolutionProperties) = preSolution
		HideSolutionNode = FALSE
	EndGlobalSection
	GlobalSection(ExtensibilityGlobals) = postSolution
		SolutionGuid = {DAFF63C6-22D9-44D0-9886-2A7AB7ABFBA9}
	EndGlobalSection
EndGlobal
